
Microsoft Visual Studio Solution File, Format Version 12.00
# Visual Studio 15
VisualStudioVersion = 15.0.27130.2036
MinimumVisualStudioVersion = 10.0.40219.1
Project("{2150E333-8FDC-42A3-9474-1A3956D46DE8}") = "Library", "Library", "{2DB5FF6D-E294-4BF1-8028-04C8A84268B8}"
EndProject
Project("{2150E333-8FDC-42A3-9474-1A3956D46DE8}") = "Web", "Web", "{DC815895-5554-4402-A425-A3D57BFC21BE}"
EndProject
Project("{2150E333-8FDC-42A3-9474-1A3956D46DE8}") = "文档", "文档", "{F1EC408E-401D-4E8B-8622-5F412A360DA8}"
	ProjectSection(SolutionItems) = preProject
		OMSQuery.sql = OMSQuery.sql
		..\..\数据字典.sql = ..\..\数据字典.sql
	EndProjectSection
EndProject
Project("{9A19103F-16F7-4668-BE54-9A1E7A4F7556}") = "OMS.Core", "OMS.Core\OMS.Core.csproj", "{F17843E1-29C4-4C0B-8410-2DBD8FB05DC4}"
EndProject
Project("{9A19103F-16F7-4668-BE54-9A1E7A4F7556}") = "OMS.Data", "OMS.Data\OMS.Data.csproj", "{85B53808-F049-44D8-838C-A07EEC01FB09}"
EndProject
Project("{9A19103F-16F7-4668-BE54-9A1E7A4F7556}") = "OMS.Services", "OMS.Services\OMS.Services.csproj", "{1E8420A7-5429-4A02-80E2-52B462F5A7BC}"
EndProject
Project("{9A19103F-16F7-4668-BE54-9A1E7A4F7556}") = "OMS.Web", "OMS.Web\OMS.Web.csproj", "{219D5701-BAFD-4656-A7D1-F24FD68D52B3}"
EndProject
Project("{9A19103F-16F7-4668-BE54-9A1E7A4F7556}") = "OMS.WebCore", "OMS.WebCore\OMS.WebCore.csproj", "{C6F89685-F94E-42EF-84A5-BD5DF8E91B02}"
EndProject
Project("{9A19103F-16F7-4668-BE54-9A1E7A4F7556}") = "OMS.Model", "OMS.Model\OMS.Model.csproj", "{E78E5108-2383-4B85-984A-52918A6F9D55}"
EndProject
Global
	GlobalSection(SolutionConfigurationPlatforms) = preSolution
		Debug|Any CPU = Debug|Any CPU
		Release|Any CPU = Release|Any CPU
	EndGlobalSection
	GlobalSection(ProjectConfigurationPlatforms) = postSolution
		{F17843E1-29C4-4C0B-8410-2DBD8FB05DC4}.Debug|Any CPU.ActiveCfg = Debug|Any CPU
		{F17843E1-29C4-4C0B-8410-2DBD8FB05DC4}.Debug|Any CPU.Build.0 = Debug|Any CPU
		{F17843E1-29C4-4C0B-8410-2DBD8FB05DC4}.Release|Any CPU.ActiveCfg = Release|Any CPU
		{F17843E1-29C4-4C0B-8410-2DBD8FB05DC4}.Release|Any CPU.Build.0 = Release|Any CPU
		{85B53808-F049-44D8-838C-A07EEC01FB09}.Debug|Any CPU.ActiveCfg = Debug|Any CPU
		{85B53808-F049-44D8-838C-A07EEC01FB09}.Debug|Any CPU.Build.0 = Debug|Any CPU
		{85B53808-F049-44D8-838C-A07EEC01FB09}.Release|Any CPU.ActiveCfg = Release|Any CPU
		{85B53808-F049-44D8-838C-A07EEC01FB09}.Release|Any CPU.Build.0 = Release|Any CPU
		{1E8420A7-5429-4A02-80E2-52B462F5A7BC}.Debug|Any CPU.ActiveCfg = Debug|Any CPU
		{1E8420A7-5429-4A02-80E2-52B462F5A7BC}.Debug|Any CPU.Build.0 = Debug|Any CPU
		{1E8420A7-5429-4A02-80E2-52B462F5A7BC}.Release|Any CPU.ActiveCfg = Release|Any CPU
		{1E8420A7-5429-4A02-80E2-52B462F5A7BC}.Release|Any CPU.Build.0 = Release|Any CPU
		{219D5701-BAFD-4656-A7D1-F24FD68D52B3}.Debug|Any CPU.ActiveCfg = Debug|Any CPU
		{219D5701-BAFD-4656-A7D1-F24FD68D52B3}.Debug|Any CPU.Build.0 = Debug|Any CPU
		{219D5701-BAFD-4656-A7D1-F24FD68D52B3}.Release|Any CPU.ActiveCfg = Release|Any CPU
		{219D5701-BAFD-4656-A7D1-F24FD68D52B3}.Release|Any CPU.Build.0 = Release|Any CPU
		{C6F89685-F94E-42EF-84A5-BD5DF8E91B02}.Debug|Any CPU.ActiveCfg = Debug|Any CPU
		{C6F89685-F94E-42EF-84A5-BD5DF8E91B02}.Debug|Any CPU.Build.0 = Debug|Any CPU
		{C6F89685-F94E-42EF-84A5-BD5DF8E91B02}.Release|Any CPU.ActiveCfg = Release|Any CPU
		{C6F89685-F94E-42EF-84A5-BD5DF8E91B02}.Release|Any CPU.Build.0 = Release|Any CPU
		{E78E5108-2383-4B85-984A-52918A6F9D55}.Debug|Any CPU.ActiveCfg = Debug|Any CPU
		{E78E5108-2383-4B85-984A-52918A6F9D55}.Debug|Any CPU.Build.0 = Debug|Any CPU
		{E78E5108-2383-4B85-984A-52918A6F9D55}.Release|Any CPU.ActiveCfg = Release|Any CPU
		{E78E5108-2383-4B85-984A-52918A6F9D55}.Release|Any CPU.Build.0 = Release|Any CPU
	EndGlobalSection
	GlobalSection(SolutionProperties) = preSolution
		HideSolutionNode = FALSE
	EndGlobalSection
	GlobalSection(NestedProjects) = preSolution
		{F17843E1-29C4-4C0B-8410-2DBD8FB05DC4} = {2DB5FF6D-E294-4BF1-8028-04C8A84268B8}
		{85B53808-F049-44D8-838C-A07EEC01FB09} = {2DB5FF6D-E294-4BF1-8028-04C8A84268B8}
		{1E8420A7-5429-4A02-80E2-52B462F5A7BC} = {2DB5FF6D-E294-4BF1-8028-04C8A84268B8}
		{219D5701-BAFD-4656-A7D1-F24FD68D52B3} = {DC815895-5554-4402-A425-A3D57BFC21BE}
		{C6F89685-F94E-42EF-84A5-BD5DF8E91B02} = {DC815895-5554-4402-A425-A3D57BFC21BE}
		{E78E5108-2383-4B85-984A-52918A6F9D55} = {2DB5FF6D-E294-4BF1-8028-04C8A84268B8}
	EndGlobalSection
	GlobalSection(ExtensibilityGlobals) = postSolution
		SolutionGuid = {4F29A7B8-25E2-4A81-B8E9-03FB024B8796}
	EndGlobalSection
EndGlobal
